
Microsoft Visual Studio Solution File, Format Version 12.00
# Visual Studio 15
VisualStudioVersion = 15.0.27004.2005
MinimumVisualStudioVersion = 10.0.40219.1
Project("{FAE04EC0-301F-11D3-BF4B-00C04F79EFBC}") = "Lab6piglatin", "Lab6piglatin\Lab6piglatin.csproj", "{CA5C710B-C57F-4B9A-BA73-BDA76A24F4EA}"
EndProject
Global
	GlobalSection(SolutionConfigurationPlatforms) = preSolution
		Debug|Any CPU = Debug|Any CPU
		Release|Any CPU = Release|Any CPU
	EndGlobalSection
	GlobalSection(ProjectConfigurationPlatforms) = postSolution
		{CA5C710B-C57F-4B9A-BA73-BDA76A24F4EA}.Debug|Any CPU.ActiveCfg = Debug|Any CPU
		{CA5C710B-C57F-4B9A-BA73-BDA76A24F4EA}.Debug|Any CPU.Build.0 = Debug|Any CPU
		{CA5C710B-C57F-4B9A-BA73-BDA76A24F4EA}.Release|Any CPU.ActiveCfg = Release|Any CPU
		{CA5C710B-C57F-4B9A-BA73-BDA76A24F4EA}.Release|Any CPU.Build.0 = Release|Any CPU
	EndGlobalSection
	GlobalSection(SolutionProperties) = preSolution
		HideSolutionNode = FALSE
	EndGlobalSection
	GlobalSection(ExtensibilityGlobals) = postSolution
		SolutionGuid = {3FA0AB7A-A544-4A56-A14E-269B96BD893A}
	EndGlobalSection
EndGlobal
